{
  "name": "misc",
  "version": "1.0.0",
  "lockfileVersion": 1,
  "requires": true,
  "dependencies": {
    "flow-bin": {
      "version": "0.53.1",
      "resolved": "https://registry.npmjs.org/flow-bin/-/flow-bin-0.53.1.tgz",
      "integrity": "sha1-myK2OiPJl2OuUz67qwf4jIjJfYQ=",
      "dev": true
    }
  }
}
